
Microsoft Visual Studio Solution File, Format Version 12.00
# Visual Studio Version 16
VisualStudioVersion = 16.0.31205.134
MinimumVisualStudioVersion = 10.0.40219.1
Project("{FAE04EC0-301F-11D3-BF4B-00C04F79EFBC}") = "AzBulkSetBlobTier", "AzBulkSetBlobTier\AzBulkSetBlobTier.csproj", "{A5ACB9D5-639B-4769-8B0B-38C271BD0BEF}"
EndProject
Global
	GlobalSection(SolutionConfigurationPlatforms) = preSolution
		Debug|Any CPU = Debug|Any CPU
		Release|Any CPU = Release|Any CPU
	EndGlobalSection
	GlobalSection(ProjectConfigurationPlatforms) = postSolution
		{A5ACB9D5-639B-4769-8B0B-38C271BD0BEF}.Debug|Any CPU.ActiveCfg = Debug|Any CPU
		{A5ACB9D5-639B-4769-8B0B-38C271BD0BEF}.Debug|Any CPU.Build.0 = Debug|Any CPU
		{A5ACB9D5-639B-4769-8B0B-38C271BD0BEF}.Release|Any CPU.ActiveCfg = Release|Any CPU
		{A5ACB9D5-639B-4769-8B0B-38C271BD0BEF}.Release|Any CPU.Build.0 = Release|Any CPU
	EndGlobalSection
	GlobalSection(SolutionProperties) = preSolution
		HideSolutionNode = FALSE
	EndGlobalSection
	GlobalSection(ExtensibilityGlobals) = postSolution
		SolutionGuid = {AEF3F478-4CF0-49A6-B738-5EF4C4199A86}
	EndGlobalSection
EndGlobal
